
Microsoft Visual Studio Solution File, Format Version 11.00
# Visual Studio 2010
Project("{FAE04EC0-301F-11D3-BF4B-00C04F79EFBC}") = "offlinemarks", "offlinemarks\offlinemarks.csproj", "{ED39A092-6246-4DD9-A797-FF4019E2B148}"
EndProject
Global
	GlobalSection(SolutionConfigurationPlatforms) = preSolution
		Debug|Any CPU = Debug|Any CPU
		Release|Any CPU = Release|Any CPU
	EndGlobalSection
	GlobalSection(ProjectConfigurationPlatforms) = postSolution
		{ED39A092-6246-4DD9-A797-FF4019E2B148}.Debug|Any CPU.ActiveCfg = Debug|Any CPU
		{ED39A092-6246-4DD9-A797-FF4019E2B148}.Debug|Any CPU.Build.0 = Debug|Any CPU
		{ED39A092-6246-4DD9-A797-FF4019E2B148}.Release|Any CPU.ActiveCfg = Release|Any CPU
		{ED39A092-6246-4DD9-A797-FF4019E2B148}.Release|Any CPU.Build.0 = Release|Any CPU
	EndGlobalSection
	GlobalSection(SolutionProperties) = preSolution
		HideSolutionNode = FALSE
	EndGlobalSection
EndGlobal
